
Microsoft Visual Studio Solution File, Format Version 12.00
# Visual Studio Version 16
VisualStudioVersion = 25.0.1704.3
MinimumVisualStudioVersion = 10.0.40219.1
Project("{FAE04EC0-301F-11D3-BF4B-00C04F79EFBC}") = "Mission6_tk2672", "Mission6_tk2672\Mission6_tk2672.csproj", "{D5D7E80F-B906-4EC2-A7AB-783AC75FDA4B}"
EndProject
Global
	GlobalSection(SolutionConfigurationPlatforms) = preSolution
		Debug|Any CPU = Debug|Any CPU
		Release|Any CPU = Release|Any CPU
	EndGlobalSection
	GlobalSection(ProjectConfigurationPlatforms) = postSolution
		{D5D7E80F-B906-4EC2-A7AB-783AC75FDA4B}.Debug|Any CPU.ActiveCfg = Debug|Any CPU
		{D5D7E80F-B906-4EC2-A7AB-783AC75FDA4B}.Debug|Any CPU.Build.0 = Debug|Any CPU
		{D5D7E80F-B906-4EC2-A7AB-783AC75FDA4B}.Release|Any CPU.ActiveCfg = Release|Any CPU
		{D5D7E80F-B906-4EC2-A7AB-783AC75FDA4B}.Release|Any CPU.Build.0 = Release|Any CPU
	EndGlobalSection
	GlobalSection(SolutionProperties) = preSolution
		HideSolutionNode = FALSE
	EndGlobalSection
	GlobalSection(ExtensibilityGlobals) = postSolution
		SolutionGuid = {FEB793BC-4814-4C13-98AE-99A4058E414A}
	EndGlobalSection
EndGlobal
